
Microsoft Visual Studio Solution File, Format Version 12.00
# Visual Studio Version 16
VisualStudioVersion = 16.0.28922.388
MinimumVisualStudioVersion = 10.0.40219.1
Project("{FAE04EC0-301F-11D3-BF4B-00C04F79EFBC}") = "Gui", "Gui\Gui.csproj", "{65242D50-E79C-4706-9532-457047487D30}"
EndProject
Project("{FAE04EC0-301F-11D3-BF4B-00C04F79EFBC}") = "Tests", "Tests\Tests.csproj", "{9922A51C-4987-4ABE-B56A-FDA1AF9B7BDB}"
EndProject
Project("{FAE04EC0-301F-11D3-BF4B-00C04F79EFBC}") = "TfsAPI", "TfsAPI\TfsAPI.csproj", "{A16CCA4C-9D08-4B28-AA58-F188FCBBD9A5}"
EndProject
Project("{FAE04EC0-301F-11D3-BF4B-00C04F79EFBC}") = "Setup", "Setup\Setup.csproj", "{63F4FF38-D740-4C11-AE2D-86AF85371469}"
EndProject
Project("{54435603-DBB4-11D2-8724-00A0C9A8B90C}") = "Installer", "Installer\Installer.vdproj", "{9AD81DC1-FF09-40EF-BC65-1C13657521EF}"
EndProject
Global
	GlobalSection(SolutionConfigurationPlatforms) = preSolution
		All|Any CPU = All|Any CPU
		All|x64 = All|x64
		Debug|Any CPU = Debug|Any CPU
		Debug|x64 = Debug|x64
		Release|Any CPU = Release|Any CPU
		Release|x64 = Release|x64
		Tests|Any CPU = Tests|Any CPU
		Tests|x64 = Tests|x64
	EndGlobalSection
	GlobalSection(ProjectConfigurationPlatforms) = postSolution
		{65242D50-E79C-4706-9532-457047487D30}.All|Any CPU.ActiveCfg = Tests|Any CPU
		{65242D50-E79C-4706-9532-457047487D30}.All|Any CPU.Build.0 = Tests|Any CPU
		{65242D50-E79C-4706-9532-457047487D30}.All|x64.ActiveCfg = Tests|x64
		{65242D50-E79C-4706-9532-457047487D30}.All|x64.Build.0 = Tests|x64
		{65242D50-E79C-4706-9532-457047487D30}.Debug|Any CPU.ActiveCfg = Debug|Any CPU
		{65242D50-E79C-4706-9532-457047487D30}.Debug|Any CPU.Build.0 = Debug|Any CPU
		{65242D50-E79C-4706-9532-457047487D30}.Debug|x64.ActiveCfg = Debug|x64
		{65242D50-E79C-4706-9532-457047487D30}.Debug|x64.Build.0 = Debug|x64
		{65242D50-E79C-4706-9532-457047487D30}.Release|Any CPU.ActiveCfg = Release|Any CPU
		{65242D50-E79C-4706-9532-457047487D30}.Release|Any CPU.Build.0 = Release|Any CPU
		{65242D50-E79C-4706-9532-457047487D30}.Release|x64.ActiveCfg = Release|x64
		{65242D50-E79C-4706-9532-457047487D30}.Release|x64.Build.0 = Release|x64
		{65242D50-E79C-4706-9532-457047487D30}.Tests|Any CPU.ActiveCfg = Tests|Any CPU
		{65242D50-E79C-4706-9532-457047487D30}.Tests|Any CPU.Build.0 = Tests|Any CPU
		{65242D50-E79C-4706-9532-457047487D30}.Tests|x64.ActiveCfg = Tests|x64
		{65242D50-E79C-4706-9532-457047487D30}.Tests|x64.Build.0 = Tests|x64
		{9922A51C-4987-4ABE-B56A-FDA1AF9B7BDB}.All|Any CPU.ActiveCfg = Tests|Any CPU
		{9922A51C-4987-4ABE-B56A-FDA1AF9B7BDB}.All|Any CPU.Build.0 = Tests|Any CPU
		{9922A51C-4987-4ABE-B56A-FDA1AF9B7BDB}.All|x64.ActiveCfg = Tests|x64
		{9922A51C-4987-4ABE-B56A-FDA1AF9B7BDB}.All|x64.Build.0 = Tests|x64
		{9922A51C-4987-4ABE-B56A-FDA1AF9B7BDB}.Debug|Any CPU.ActiveCfg = Debug|Any CPU
		{9922A51C-4987-4ABE-B56A-FDA1AF9B7BDB}.Debug|Any CPU.Build.0 = Debug|Any CPU
		{9922A51C-4987-4ABE-B56A-FDA1AF9B7BDB}.Debug|x64.ActiveCfg = Debug|x64
		{9922A51C-4987-4ABE-B56A-FDA1AF9B7BDB}.Debug|x64.Build.0 = Debug|x64
		{9922A51C-4987-4ABE-B56A-FDA1AF9B7BDB}.Release|Any CPU.ActiveCfg = Release|Any CPU
		{9922A51C-4987-4ABE-B56A-FDA1AF9B7BDB}.Release|Any CPU.Build.0 = Release|Any CPU
		{9922A51C-4987-4ABE-B56A-FDA1AF9B7BDB}.Release|x64.ActiveCfg = Release|x64
		{9922A51C-4987-4ABE-B56A-FDA1AF9B7BDB}.Release|x64.Build.0 = Release|x64
		{9922A51C-4987-4ABE-B56A-FDA1AF9B7BDB}.Tests|Any CPU.ActiveCfg = Tests|Any CPU
		{9922A51C-4987-4ABE-B56A-FDA1AF9B7BDB}.Tests|Any CPU.Build.0 = Tests|Any CPU
		{9922A51C-4987-4ABE-B56A-FDA1AF9B7BDB}.Tests|x64.ActiveCfg = Tests|x64
		{9922A51C-4987-4ABE-B56A-FDA1AF9B7BDB}.Tests|x64.Build.0 = Tests|x64
		{A16CCA4C-9D08-4B28-AA58-F188FCBBD9A5}.All|Any CPU.ActiveCfg = Tests|Any CPU
		{A16CCA4C-9D08-4B28-AA58-F188FCBBD9A5}.All|Any CPU.Build.0 = Tests|Any CPU
		{A16CCA4C-9D08-4B28-AA58-F188FCBBD9A5}.All|x64.ActiveCfg = Tests|x64
		{A16CCA4C-9D08-4B28-AA58-F188FCBBD9A5}.All|x64.Build.0 = Tests|x64
		{A16CCA4C-9D08-4B28-AA58-F188FCBBD9A5}.Debug|Any CPU.ActiveCfg = Debug|Any CPU
		{A16CCA4C-9D08-4B28-AA58-F188FCBBD9A5}.Debug|Any CPU.Build.0 = Debug|Any CPU
		{A16CCA4C-9D08-4B28-AA58-F188FCBBD9A5}.Debug|x64.ActiveCfg = Debug|x64
		{A16CCA4C-9D08-4B28-AA58-F188FCBBD9A5}.Debug|x64.Build.0 = Debug|x64
		{A16CCA4C-9D08-4B28-AA58-F188FCBBD9A5}.Release|Any CPU.ActiveCfg = Release|Any CPU
		{A16CCA4C-9D08-4B28-AA58-F188FCBBD9A5}.Release|Any CPU.Build.0 = Release|Any CPU
		{A16CCA4C-9D08-4B28-AA58-F188FCBBD9A5}.Release|x64.ActiveCfg = Release|x64
		{A16CCA4C-9D08-4B28-AA58-F188FCBBD9A5}.Release|x64.Build.0 = Release|x64
		{A16CCA4C-9D08-4B28-AA58-F188FCBBD9A5}.Tests|Any CPU.ActiveCfg = Tests|Any CPU
		{A16CCA4C-9D08-4B28-AA58-F188FCBBD9A5}.Tests|Any CPU.Build.0 = Tests|Any CPU
		{A16CCA4C-9D08-4B28-AA58-F188FCBBD9A5}.Tests|x64.ActiveCfg = Tests|x64
		{A16CCA4C-9D08-4B28-AA58-F188FCBBD9A5}.Tests|x64.Build.0 = Tests|x64
		{63F4FF38-D740-4C11-AE2D-86AF85371469}.All|Any CPU.ActiveCfg = Release|Any CPU
		{63F4FF38-D740-4C11-AE2D-86AF85371469}.All|Any CPU.Build.0 = Release|Any CPU
		{63F4FF38-D740-4C11-AE2D-86AF85371469}.All|x64.ActiveCfg = Release|x64
		{63F4FF38-D740-4C11-AE2D-86AF85371469}.All|x64.Build.0 = Release|x64
		{63F4FF38-D740-4C11-AE2D-86AF85371469}.Debug|Any CPU.ActiveCfg = Debug|Any CPU
		{63F4FF38-D740-4C11-AE2D-86AF85371469}.Debug|Any CPU.Build.0 = Debug|Any CPU
		{63F4FF38-D740-4C11-AE2D-86AF85371469}.Debug|x64.ActiveCfg = Debug|x64
		{63F4FF38-D740-4C11-AE2D-86AF85371469}.Debug|x64.Build.0 = Debug|x64
		{63F4FF38-D740-4C11-AE2D-86AF85371469}.Release|Any CPU.ActiveCfg = Release|Any CPU
		{63F4FF38-D740-4C11-AE2D-86AF85371469}.Release|Any CPU.Build.0 = Release|Any CPU
		{63F4FF38-D740-4C11-AE2D-86AF85371469}.Release|x64.ActiveCfg = Release|x64
		{63F4FF38-D740-4C11-AE2D-86AF85371469}.Release|x64.Build.0 = Release|x64
		{63F4FF38-D740-4C11-AE2D-86AF85371469}.Tests|Any CPU.ActiveCfg = Release|Any CPU
		{63F4FF38-D740-4C11-AE2D-86AF85371469}.Tests|Any CPU.Build.0 = Release|Any CPU
		{63F4FF38-D740-4C11-AE2D-86AF85371469}.Tests|x64.ActiveCfg = Release|x64
		{63F4FF38-D740-4C11-AE2D-86AF85371469}.Tests|x64.Build.0 = Release|x64
		{9AD81DC1-FF09-40EF-BC65-1C13657521EF}.All|Any CPU.ActiveCfg = Release
		{9AD81DC1-FF09-40EF-BC65-1C13657521EF}.All|x64.ActiveCfg = Debug
		{9AD81DC1-FF09-40EF-BC65-1C13657521EF}.All|x64.Build.0 = Debug
		{9AD81DC1-FF09-40EF-BC65-1C13657521EF}.Debug|Any CPU.ActiveCfg = Debug
		{9AD81DC1-FF09-40EF-BC65-1C13657521EF}.Debug|x64.ActiveCfg = Debug
		{9AD81DC1-FF09-40EF-BC65-1C13657521EF}.Debug|x64.Build.0 = Debug
		{9AD81DC1-FF09-40EF-BC65-1C13657521EF}.Release|Any CPU.ActiveCfg = Release
		{9AD81DC1-FF09-40EF-BC65-1C13657521EF}.Release|x64.ActiveCfg = Release
		{9AD81DC1-FF09-40EF-BC65-1C13657521EF}.Release|x64.Build.0 = Release
		{9AD81DC1-FF09-40EF-BC65-1C13657521EF}.Tests|Any CPU.ActiveCfg = Release
		{9AD81DC1-FF09-40EF-BC65-1C13657521EF}.Tests|x64.ActiveCfg = Debug
		{9AD81DC1-FF09-40EF-BC65-1C13657521EF}.Tests|x64.Build.0 = Debug
	EndGlobalSection
	GlobalSection(SolutionProperties) = preSolution
		HideSolutionNode = FALSE
	EndGlobalSection
	GlobalSection(ExtensibilityGlobals) = postSolution
		SolutionGuid = {2B1F1054-3447-4F9F-B105-7FFB82DEBA61}
		BuildVersion_StartDate = 2000/1/1
	EndGlobalSection
EndGlobal
