
Microsoft Visual Studio Solution File, Format Version 12.00
# Visual Studio 15
VisualStudioVersion = 15.0.28307.572
MinimumVisualStudioVersion = 10.0.40219.1
Project("{FAE04EC0-301F-11D3-BF4B-00C04F79EFBC}") = "Gui", "TFSService\Gui.csproj", "{65242D50-E79C-4706-9532-457047487D30}"
EndProject
Project("{FAE04EC0-301F-11D3-BF4B-00C04F79EFBC}") = "Service", "Service\Service.csproj", "{2185CEA9-D220-4767-AA1A-DED68BA48C97}"
EndProject
Global
	GlobalSection(SolutionConfigurationPlatforms) = preSolution
		Debug|Any CPU = Debug|Any CPU
		Release|Any CPU = Release|Any CPU
	EndGlobalSection
	GlobalSection(ProjectConfigurationPlatforms) = postSolution
		{65242D50-E79C-4706-9532-457047487D30}.Debug|Any CPU.ActiveCfg = Debug|Any CPU
		{65242D50-E79C-4706-9532-457047487D30}.Debug|Any CPU.Build.0 = Debug|Any CPU
		{65242D50-E79C-4706-9532-457047487D30}.Release|Any CPU.ActiveCfg = Release|Any CPU
		{65242D50-E79C-4706-9532-457047487D30}.Release|Any CPU.Build.0 = Release|Any CPU
		{2185CEA9-D220-4767-AA1A-DED68BA48C97}.Debug|Any CPU.ActiveCfg = Debug|Any CPU
		{2185CEA9-D220-4767-AA1A-DED68BA48C97}.Debug|Any CPU.Build.0 = Debug|Any CPU
		{2185CEA9-D220-4767-AA1A-DED68BA48C97}.Release|Any CPU.ActiveCfg = Release|Any CPU
		{2185CEA9-D220-4767-AA1A-DED68BA48C97}.Release|Any CPU.Build.0 = Release|Any CPU
	EndGlobalSection
	GlobalSection(SolutionProperties) = preSolution
		HideSolutionNode = FALSE
	EndGlobalSection
	GlobalSection(ExtensibilityGlobals) = postSolution
		SolutionGuid = {2B1F1054-3447-4F9F-B105-7FFB82DEBA61}
	EndGlobalSection
EndGlobal
